
Microsoft Visual Studio Solution File, Format Version 11.00
# Visual Studio 2010
Project("{FAE04EC0-301F-11D3-BF4B-00C04F79EFBC}") = "HelloTxt", "HelloTxt\HelloTxt.csproj", "{E2A4724E-FA33-4E05-AB94-B4934869A503}"
EndProject
Project("{FAE04EC0-301F-11D3-BF4B-00C04F79EFBC}") = "HelloTextTests", "HelloTextTests\HelloTextTests.csproj", "{A8065110-9348-4A9B-8F3D-AEBAE96DEFE6}"
EndProject
Project("{2150E333-8FDC-42A3-9474-1A3956D46DE8}") = "Solution Items", "Solution Items", "{D50E8854-38D4-445A-AB48-10CC36ECE1F6}"
	ProjectSection(SolutionItems) = preProject
		HelloTxt.NET.vsmdi = HelloTxt.NET.vsmdi
		License.txt = License.txt
		Local.testsettings = Local.testsettings
		README.txt = README.txt
		TraceAndTestImpact.testsettings = TraceAndTestImpact.testsettings
	EndProjectSection
EndProject
Global
	GlobalSection(TestCaseManagementSettings) = postSolution
		CategoryFile = HelloTxt.NET.vsmdi
	EndGlobalSection
	GlobalSection(SolutionConfigurationPlatforms) = preSolution
		Debug|Any CPU = Debug|Any CPU
		Release|Any CPU = Release|Any CPU
	EndGlobalSection
	GlobalSection(ProjectConfigurationPlatforms) = postSolution
		{E2A4724E-FA33-4E05-AB94-B4934869A503}.Debug|Any CPU.ActiveCfg = Debug|Any CPU
		{E2A4724E-FA33-4E05-AB94-B4934869A503}.Debug|Any CPU.Build.0 = Debug|Any CPU
		{E2A4724E-FA33-4E05-AB94-B4934869A503}.Release|Any CPU.ActiveCfg = Release|Any CPU
		{E2A4724E-FA33-4E05-AB94-B4934869A503}.Release|Any CPU.Build.0 = Release|Any CPU
		{A8065110-9348-4A9B-8F3D-AEBAE96DEFE6}.Debug|Any CPU.ActiveCfg = Debug|Any CPU
		{A8065110-9348-4A9B-8F3D-AEBAE96DEFE6}.Debug|Any CPU.Build.0 = Debug|Any CPU
		{A8065110-9348-4A9B-8F3D-AEBAE96DEFE6}.Release|Any CPU.ActiveCfg = Release|Any CPU
		{A8065110-9348-4A9B-8F3D-AEBAE96DEFE6}.Release|Any CPU.Build.0 = Release|Any CPU
	EndGlobalSection
	GlobalSection(SolutionProperties) = preSolution
		HideSolutionNode = FALSE
	EndGlobalSection
EndGlobal
